
Microsoft Visual Studio Solution File, Format Version 12.00
# Visual Studio 2012
Project("{FAE04EC0-301F-11D3-BF4B-00C04F79EFBC}") = "AppointmentTxt.Web", "AppointmentTxt.Web\AppointmentTxt.Web.csproj", "{9B61E72B-6231-4703-B3CB-A621382F303A}"
EndProject
Project("{FAE04EC0-301F-11D3-BF4B-00C04F79EFBC}") = "AppointmentTxt.Web.Tests", "AppointmentTxt.Web.Tests\AppointmentTxt.Web.Tests.csproj", "{06DE4B76-140B-4DA5-A265-147D6F9C1D93}"
EndProject
Global
	GlobalSection(SolutionConfigurationPlatforms) = preSolution
		Debug|Any CPU = Debug|Any CPU
		Release|Any CPU = Release|Any CPU
	EndGlobalSection
	GlobalSection(ProjectConfigurationPlatforms) = postSolution
		{9B61E72B-6231-4703-B3CB-A621382F303A}.Debug|Any CPU.ActiveCfg = Debug|Any CPU
		{9B61E72B-6231-4703-B3CB-A621382F303A}.Debug|Any CPU.Build.0 = Debug|Any CPU
		{9B61E72B-6231-4703-B3CB-A621382F303A}.Release|Any CPU.ActiveCfg = Release|Any CPU
		{9B61E72B-6231-4703-B3CB-A621382F303A}.Release|Any CPU.Build.0 = Release|Any CPU
		{06DE4B76-140B-4DA5-A265-147D6F9C1D93}.Debug|Any CPU.ActiveCfg = Debug|Any CPU
		{06DE4B76-140B-4DA5-A265-147D6F9C1D93}.Debug|Any CPU.Build.0 = Debug|Any CPU
		{06DE4B76-140B-4DA5-A265-147D6F9C1D93}.Release|Any CPU.ActiveCfg = Release|Any CPU
		{06DE4B76-140B-4DA5-A265-147D6F9C1D93}.Release|Any CPU.Build.0 = Release|Any CPU
	EndGlobalSection
	GlobalSection(SolutionProperties) = preSolution
		HideSolutionNode = FALSE
	EndGlobalSection
EndGlobal
